// !$*UTF8*$!
{
	archiveVersion = 1;
	classes = {
	};
	objectVersion = 50;
	objects = {

/* Begin PBXBuildFile section */
		06D0E0060E53D24843AEE95F /* Pods_WikipediaSearchTests.framework in Frameworks */ = {isa = PBXBuildFile; fileRef = DA3322A97196B5C93015B53A /* Pods_WikipediaSearchTests.framework */; };
		359C11202361AB150095DC30 /* GetWikipediaData.swift in Sources */ = {isa = PBXBuildFile; fileRef = 359C111F2361AB150095DC30 /* GetWikipediaData.swift */; };
		359C11222361B2460095DC30 /* ResultCell.swift in Sources */ = {isa = PBXBuildFile; fileRef = 359C11212361B2450095DC30 /* ResultCell.swift */; };
		35BD9D2F2361A0D300C50682 /* AppDelegate.swift in Sources */ = {isa = PBXBuildFile; fileRef = 35BD9D2E2361A0D300C50682 /* AppDelegate.swift */; };
		35BD9D312361A0D300C50682 /* SearchViewController.swift in Sources */ = {isa = PBXBuildFile; fileRef = 35BD9D302361A0D300C50682 /* SearchViewController.swift */; };
		35BD9D342361A0D300C50682 /* Main.storyboard in Resources */ = {isa = PBXBuildFile; fileRef = 35BD9D322361A0D300C50682 /* Main.storyboard */; };
		35BD9D372361A0D300C50682 /* WikipediaSearch.xcdatamodeld in Sources */ = {isa = PBXBuildFile; fileRef = 35BD9D352361A0D300C50682 /* WikipediaSearch.xcdatamodeld */; };
		35BD9D392361A0D600C50682 /* Assets.xcassets in Resources */ = {isa = PBXBuildFile; fileRef = 35BD9D382361A0D600C50682 /* Assets.xcassets */; };
		35BD9D3C2361A0D600C50682 /* LaunchScreen.storyboard in Resources */ = {isa = PBXBuildFile; fileRef = 35BD9D3A2361A0D600C50682 /* LaunchScreen.storyboard */; };
		35BD9D472361A0D600C50682 /* WikipediaSearchTests.swift in Sources */ = {isa = PBXBuildFile; fileRef = 35BD9D462361A0D600C50682 /* WikipediaSearchTests.swift */; };
		35BD9D522361A0D600C50682 /* WikipediaSearchUITests.swift in Sources */ = {isa = PBXBuildFile; fileRef = 35BD9D512361A0D600C50682 /* WikipediaSearchUITests.swift */; };
		35BD9D632361A95100C50682 /* Result.swift in Sources */ = {isa = PBXBuildFile; fileRef = 35BD9D622361A95100C50682 /* Result.swift */; };
		477E6B08ECCAB854E58C989A /* Pods_WikipediaSearch.framework in Frameworks */ = {isa = PBXBuildFile; fileRef = B131657283DB59ACF9027F31 /* Pods_WikipediaSearch.framework */; };
		717302C1862D997AC914C4A3 /* Pods_WikipediaSearchUITests.framework in Frameworks */ = {isa = PBXBuildFile; fileRef = 550A859556C25ABF3108F243 /* Pods_WikipediaSearchUITests.framework */; };
/* End PBXBuildFile section */

/* Begin PBXContainerItemProxy section */
		35BD9D432361A0D600C50682 /* PBXContainerItemProxy */ = {
			isa = PBXContainerItemProxy;
			containerPortal = 35BD9D232361A0D300C50682 /* Project object */;
			proxyType = 1;
			remoteGlobalIDString = 35BD9D2A2361A0D300C50682;
			remoteInfo = WikipediaSearch;
		};
		35BD9D4E2361A0D600C50682 /* PBXContainerItemProxy */ = {
			isa = PBXContainerItemProxy;
			containerPortal = 35BD9D232361A0D300C50682 /* Project object */;
			proxyType = 1;
			remoteGlobalIDString = 35BD9D2A2361A0D300C50682;
			remoteInfo = WikipediaSearch;
		};
/* End PBXContainerItemProxy section */

/* Begin PBXFileReference section */
		04899E0EDF9F8ED6BCE60317 /* Pods-WikipediaSearchTests.debug.xcconfig */ = {isa = PBXFileReference; includeInIndex = 1; lastKnownFileType = text.xcconfig; name = "Pods-WikipediaSearchTests.debug.xcconfig"; path = "Target Support Files/Pods-WikipediaSearchTests/Pods-WikipediaSearchTests.debug.xcconfig"; sourceTree = "<group>"; };
		359C111F2361AB150095DC30 /* GetWikipediaData.swift */ = {isa = PBXFileReference; lastKnownFileType = sourcecode.swift; path = GetWikipediaData.swift; sourceTree = "<group>"; };
		359C11212361B2450095DC30 /* ResultCell.swift */ = {isa = PBXFileReference; lastKnownFileType = sourcecode.swift; path = ResultCell.swift; sourceTree = "<group>"; };
		35BD9D2B2361A0D300C50682 /* WikipediaSearch.app */ = {isa = PBXFileReference; explicitFileType = wrapper.application; includeInIndex = 0; path = WikipediaSearch.app; sourceTree = BUILT_PRODUCTS_DIR; };
		35BD9D2E2361A0D300C50682 /* AppDelegate.swift */ = {isa = PBXFileReference; lastKnownFileType = sourcecode.swift; path = AppDelegate.swift; sourceTree = "<group>"; };
		35BD9D302361A0D300C50682 /* SearchViewController.swift */ = {isa = PBXFileReference; lastKnownFileType = sourcecode.swift; path = SearchViewController.swift; sourceTree = "<group>"; };
		35BD9D332361A0D300C50682 /* Base */ = {isa = PBXFileReference; lastKnownFileType = file.storyboard; name = Base; path = Base.lproj/Main.storyboard; sourceTree = "<group>"; };
		35BD9D362361A0D300C50682 /* WikipediaSearch.xcdatamodel */ = {isa = PBXFileReference; lastKnownFileType = wrapper.xcdatamodel; path = WikipediaSearch.xcdatamodel; sourceTree = "<group>"; };
		35BD9D382361A0D600C50682 /* Assets.xcassets */ = {isa = PBXFileReference; lastKnownFileType = folder.assetcatalog; path = Assets.xcassets; sourceTree = "<group>"; };
		35BD9D3B2361A0D600C50682 /* Base */ = {isa = PBXFileReference; lastKnownFileType = file.storyboard; name = Base; path = Base.lproj/LaunchScreen.storyboard; sourceTree = "<group>"; };
		35BD9D3D2361A0D600C50682 /* Info.plist */ = {isa = PBXFileReference; lastKnownFileType = text.plist.xml; path = Info.plist; sourceTree = "<group>"; };
		35BD9D422361A0D600C50682 /* WikipediaSearchTests.xctest */ = {isa = PBXFileReference; explicitFileType = wrapper.cfbundle; includeInIndex = 0; path = WikipediaSearchTests.xctest; sourceTree = BUILT_PRODUCTS_DIR; };
		35BD9D462361A0D600C50682 /* WikipediaSearchTests.swift */ = {isa = PBXFileReference; lastKnownFileType = sourcecode.swift; path = WikipediaSearchTests.swift; sourceTree = "<group>"; };
		35BD9D482361A0D600C50682 /* Info.plist */ = {isa = PBXFileReference; lastKnownFileType = text.plist.xml; path = Info.plist; sourceTree = "<group>"; };
		35BD9D4D2361A0D600C50682 /* WikipediaSearchUITests.xctest */ = {isa = PBXFileReference; explicitFileType = wrapper.cfbundle; includeInIndex = 0; path = WikipediaSearchUITests.xctest; sourceTree = BUILT_PRODUCTS_DIR; };
		35BD9D512361A0D600C50682 /* WikipediaSearchUITests.swift */ = {isa = PBXFileReference; lastKnownFileType = sourcecode.swift; path = WikipediaSearchUITests.swift; sourceTree = "<group>"; };
		35BD9D532361A0D600C50682 /* Info.plist */ = {isa = PBXFileReference; lastKnownFileType = text.plist.xml; path = Info.plist; sourceTree = "<group>"; };
		35BD9D622361A95100C50682 /* Result.swift */ = {isa = PBXFileReference; lastKnownFileType = sourcecode.swift; path = Result.swift; sourceTree = "<group>"; };
		550A859556C25ABF3108F243 /* Pods_WikipediaSearchUITests.framework */ = {isa = PBXFileReference; explicitFileType = wrapper.framework; includeInIndex = 0; path = Pods_WikipediaSearchUITests.framework; sourceTree = BUILT_PRODUCTS_DIR; };
		9262A98E7B0D2F4C2492E532 /* Pods-WikipediaSearchUITests.debug.xcconfig */ = {isa = PBXFileReference; includeInIndex = 1; lastKnownFileType = text.xcconfig; name = "Pods-WikipediaSearchUITests.debug.xcconfig"; path = "Target Support Files/Pods-WikipediaSearchUITests/Pods-WikipediaSearchUITests.debug.xcconfig"; sourceTree = "<group>"; };
		96C841DBE00B50B2B0E9B74C /* Pods-WikipediaSearch.release.xcconfig */ = {isa = PBXFileReference; includeInIndex = 1; lastKnownFileType = text.xcconfig; name = "Pods-WikipediaSearch.release.xcconfig"; path = "Target Support Files/Pods-WikipediaSearch/Pods-WikipediaSearch.release.xcconfig"; sourceTree = "<group>"; };
		987A56F14AEFD165CBBC59D6 /* Pods-WikipediaSearch.debug.xcconfig */ = {isa = PBXFileReference; includeInIndex = 1; lastKnownFileType = text.xcconfig; name = "Pods-WikipediaSearch.debug.xcconfig"; path = "Target Support Files/Pods-WikipediaSearch/Pods-WikipediaSearch.debug.xcconfig"; sourceTree = "<group>"; };
		9D9D1E30D58402B6686242F1 /* Pods-WikipediaSearchTests.release.xcconfig */ = {isa = PBXFileReference; includeInIndex = 1; lastKnownFileType = text.xcconfig; name = "Pods-WikipediaSearchTests.release.xcconfig"; path = "Target Support Files/Pods-WikipediaSearchTests/Pods-WikipediaSearchTests.release.xcconfig"; sourceTree = "<group>"; };
		B131657283DB59ACF9027F31 /* Pods_WikipediaSearch.framework */ = {isa = PBXFileReference; explicitFileType = wrapper.framework; includeInIndex = 0; path = Pods_WikipediaSearch.framework; sourceTree = BUILT_PRODUCTS_DIR; };
		CE8267358F438AB0284BCE48 /* Pods-WikipediaSearchUITests.release.xcconfig */ = {isa = PBXFileReference; includeInIndex = 1; lastKnownFileType = text.xcconfig; name = "Pods-WikipediaSearchUITests.release.xcconfig"; path = "Target Support Files/Pods-WikipediaSearchUITests/Pods-WikipediaSearchUITests.release.xcconfig"; sourceTree = "<group>"; };
		DA3322A97196B5C93015B53A /* Pods_WikipediaSearchTests.framework */ = {isa = PBXFileReference; explicitFileType = wrapper.framework; includeInIndex = 0; path = Pods_WikipediaSearchTests.framework; sourceTree = BUILT_PRODUCTS_DIR; };
/* End PBXFileReference section */

/* Begin PBXFrameworksBuildPhase section */
		35BD9D282361A0D300C50682 /* Frameworks */ = {
			isa = PBXFrameworksBuildPhase;
			buildActionMask = 2147483647;
			files = (
				477E6B08ECCAB854E58C989A /* Pods_WikipediaSearch.framework in Frameworks */,
			);
			runOnlyForDeploymentPostprocessing = 0;
		};
		35BD9D3F2361A0D600C50682 /* Frameworks */ = {
			isa = PBXFrameworksBuildPhase;
			buildActionMask = 2147483647;
			files = (
				06D0E0060E53D24843AEE95F /* Pods_WikipediaSearchTests.framework in Frameworks */,
			);
			runOnlyForDeploymentPostprocessing = 0;
		};
		35BD9D4A2361A0D600C50682 /* Frameworks */ = {
			isa = PBXFrameworksBuildPhase;
			buildActionMask = 2147483647;
			files = (
				717302C1862D997AC914C4A3 /* Pods_WikipediaSearchUITests.framework in Frameworks */,
			);
			runOnlyForDeploymentPostprocessing = 0;
		};
/* End PBXFrameworksBuildPhase section */

/* Begin PBXGroup section */
		35BD9D222361A0D300C50682 = {
			isa = PBXGroup;
			children = (
				35BD9D2D2361A0D300C50682 /* WikipediaSearch */,
				35BD9D452361A0D600C50682 /* WikipediaSearchTests */,
				35BD9D502361A0D600C50682 /* WikipediaSearchUITests */,
				35BD9D2C2361A0D300C50682 /* Products */,
				6E1CE7BF44E27D329D45CADE /* Pods */,
				AE60052F343680624F330B3E /* Frameworks */,
			);
			sourceTree = "<group>";
		};
		35BD9D2C2361A0D300C50682 /* Products */ = {
			isa = PBXGroup;
			children = (
				35BD9D2B2361A0D300C50682 /* WikipediaSearch.app */,
				35BD9D422361A0D600C50682 /* WikipediaSearchTests.xctest */,
				35BD9D4D2361A0D600C50682 /* WikipediaSearchUITests.xctest */,
			);
			name = Products;
			sourceTree = "<group>";
		};
		35BD9D2D2361A0D300C50682 /* WikipediaSearch */ = {
			isa = PBXGroup;
			children = (
				35BD9D5F2361A16800C50682 /* Models */,
				35BD9D602361A17100C50682 /* Views */,
				35BD9D612361A19200C50682 /* Controllers */,
				35BD9D672361A9D200C50682 /* Services */,
				35BD9D2E2361A0D300C50682 /* AppDelegate.swift */,
				35BD9D322361A0D300C50682 /* Main.storyboard */,
				35BD9D382361A0D600C50682 /* Assets.xcassets */,
				35BD9D3A2361A0D600C50682 /* LaunchScreen.storyboard */,
				35BD9D3D2361A0D600C50682 /* Info.plist */,
				35BD9D352361A0D300C50682 /* WikipediaSearch.xcdatamodeld */,
			);
			path = WikipediaSearch;
			sourceTree = "<group>";
		};
		35BD9D452361A0D600C50682 /* WikipediaSearchTests */ = {
			isa = PBXGroup;
			children = (
				35BD9D462361A0D600C50682 /* WikipediaSearchTests.swift */,
				35BD9D482361A0D600C50682 /* Info.plist */,
			);
			path = WikipediaSearchTests;
			sourceTree = "<group>";
		};
		35BD9D502361A0D600C50682 /* WikipediaSearchUITests */ = {
			isa = PBXGroup;
			children = (
				35BD9D512361A0D600C50682 /* WikipediaSearchUITests.swift */,
				35BD9D532361A0D600C50682 /* Info.plist */,
			);
			path = WikipediaSearchUITests;
			sourceTree = "<group>";
		};
		35BD9D5F2361A16800C50682 /* Models */ = {
			isa = PBXGroup;
			children = (
				35BD9D622361A95100C50682 /* Result.swift */,
			);
			path = Models;
			sourceTree = "<group>";
		};
		35BD9D602361A17100C50682 /* Views */ = {
			isa = PBXGroup;
			children = (
				359C11212361B2450095DC30 /* ResultCell.swift */,
			);
			path = Views;
			sourceTree = "<group>";
		};
		35BD9D612361A19200C50682 /* Controllers */ = {
			isa = PBXGroup;
			children = (
				35BD9D302361A0D300C50682 /* SearchViewController.swift */,
			);
			path = Controllers;
			sourceTree = "<group>";
		};
		35BD9D672361A9D200C50682 /* Services */ = {
			isa = PBXGroup;
			children = (
				359C111F2361AB150095DC30 /* GetWikipediaData.swift */,
			);
			name = Services;
			path = "New Group/Services";
			sourceTree = "<group>";
		};
		6E1CE7BF44E27D329D45CADE /* Pods */ = {
			isa = PBXGroup;
			children = (
				987A56F14AEFD165CBBC59D6 /* Pods-WikipediaSearch.debug.xcconfig */,
				96C841DBE00B50B2B0E9B74C /* Pods-WikipediaSearch.release.xcconfig */,
				04899E0EDF9F8ED6BCE60317 /* Pods-WikipediaSearchTests.debug.xcconfig */,
				9D9D1E30D58402B6686242F1 /* Pods-WikipediaSearchTests.release.xcconfig */,
				9262A98E7B0D2F4C2492E532 /* Pods-WikipediaSearchUITests.debug.xcconfig */,
				CE8267358F438AB0284BCE48 /* Pods-WikipediaSearchUITests.release.xcconfig */,
			);
			name = Pods;
			path = Pods;
			sourceTree = "<group>";
		};
		AE60052F343680624F330B3E /* Frameworks */ = {
			isa = PBXGroup;
			children = (
				B131657283DB59ACF9027F31 /* Pods_WikipediaSearch.framework */,
				DA3322A97196B5C93015B53A /* Pods_WikipediaSearchTests.framework */,
				550A859556C25ABF3108F243 /* Pods_WikipediaSearchUITests.framework */,
			);
			name = Frameworks;
			sourceTree = "<group>";
		};
/* End PBXGroup section */

/* Begin PBXNativeTarget section */
		35BD9D2A2361A0D300C50682 /* WikipediaSearch */ = {
			isa = PBXNativeTarget;
			buildConfigurationList = 35BD9D562361A0D600C50682 /* Build configuration list for PBXNativeTarget "WikipediaSearch" */;
			buildPhases = (
				654BA289A828CCBE050D6E39 /* [CP] Check Pods Manifest.lock */,
				35BD9D272361A0D300C50682 /* Sources */,
				35BD9D282361A0D300C50682 /* Frameworks */,
				35BD9D292361A0D300C50682 /* Resources */,
				9D4FF5B5CD3918EE89F0064D /* [CP] Embed Pods Frameworks */,
			);
			buildRules = (
			);
			dependencies = (
			);
			name = WikipediaSearch;
			productName = WikipediaSearch;
			productReference = 35BD9D2B2361A0D300C50682 /* WikipediaSearch.app */;
			productType = "com.apple.product-type.application";
		};
		35BD9D412361A0D600C50682 /* WikipediaSearchTests */ = {
			isa = PBXNativeTarget;
			buildConfigurationList = 35BD9D592361A0D600C50682 /* Build configuration list for PBXNativeTarget "WikipediaSearchTests" */;
			buildPhases = (
				4999A91C9762C6B9EC9BE591 /* [CP] Check Pods Manifest.lock */,
				35BD9D3E2361A0D600C50682 /* Sources */,
				35BD9D3F2361A0D600C50682 /* Frameworks */,
				35BD9D402361A0D600C50682 /* Resources */,
			);
			buildRules = (
			);
			dependencies = (
				35BD9D442361A0D600C50682 /* PBXTargetDependency */,
			);
			name = WikipediaSearchTests;
			productName = WikipediaSearchTests;
			productReference = 35BD9D422361A0D600C50682 /* WikipediaSearchTests.xctest */;
			productType = "com.apple.product-type.bundle.unit-test";
		};
		35BD9D4C2361A0D600C50682 /* WikipediaSearchUITests */ = {
			isa = PBXNativeTarget;
			buildConfigurationList = 35BD9D5C2361A0D600C50682 /* Build configuration list for PBXNativeTarget "WikipediaSearchUITests" */;
			buildPhases = (
				99C5E5820FA1A95F0E2A93E5 /* [CP] Check Pods Manifest.lock */,
				35BD9D492361A0D600C50682 /* Sources */,
				35BD9D4A2361A0D600C50682 /* Frameworks */,
				35BD9D4B2361A0D600C50682 /* Resources */,
			);
			buildRules = (
			);
			dependencies = (
				35BD9D4F2361A0D600C50682 /* PBXTargetDependency */,
			);
			name = WikipediaSearchUITests;
			productName = WikipediaSearchUITests;
			productReference = 35BD9D4D2361A0D600C50682 /* WikipediaSearchUITests.xctest */;
			productType = "com.apple.product-type.bundle.ui-testing";
		};
/* End PBXNativeTarget section */

/* Begin PBXProject section */
		35BD9D232361A0D300C50682 /* Project object */ = {
			isa = PBXProject;
			attributes = {
				LastSwiftUpdateCheck = 1030;
				LastUpgradeCheck = 1030;
				ORGANIZATIONNAME = "Josh Sorokin";
				TargetAttributes = {
					35BD9D2A2361A0D300C50682 = {
						CreatedOnToolsVersion = 10.3;
					};
					35BD9D412361A0D600C50682 = {
						CreatedOnToolsVersion = 10.3;
						TestTargetID = 35BD9D2A2361A0D300C50682;
					};
					35BD9D4C2361A0D600C50682 = {
						CreatedOnToolsVersion = 10.3;
						TestTargetID = 35BD9D2A2361A0D300C50682;
					};
				};
			};
			buildConfigurationList = 35BD9D262361A0D300C50682 /* Build configuration list for PBXProject "WikipediaSearch" */;
			compatibilityVersion = "Xcode 9.3";
			developmentRegion = en;
			hasScannedForEncodings = 0;
			knownRegions = (
				en,
				Base,
			);
			mainGroup = 35BD9D222361A0D300C50682;
			productRefGroup = 35BD9D2C2361A0D300C50682 /* Products */;
			projectDirPath = "";
			projectRoot = "";
			targets = (
				35BD9D2A2361A0D300C50682 /* WikipediaSearch */,
				35BD9D412361A0D600C50682 /* WikipediaSearchTests */,
				35BD9D4C2361A0D600C50682 /* WikipediaSearchUITests */,
			);
		};
/* End PBXProject section */

/* Begin PBXResourcesBuildPhase section */
		35BD9D292361A0D300C50682 /* Resources */ = {
			isa = PBXResourcesBuildPhase;
			buildActionMask = 2147483647;
			files = (
				35BD9D3C2361A0D600C50682 /* LaunchScreen.storyboard in Resources */,
				35BD9D392361A0D600C50682 /* Assets.xcassets in Resources */,
				35BD9D342361A0D300C50682 /* Main.storyboard in Resources */,
			);
			runOnlyForDeploymentPostprocessing = 0;
		};
		35BD9D402361A0D600C50682 /* Resources */ = {
			isa = PBXResourcesBuildPhase;
			buildActionMask = 2147483647;
			files = (
			);
			runOnlyForDeploymentPostprocessing = 0;
		};
		35BD9D4B2361A0D600C50682 /* Resources */ = {
			isa = PBXResourcesBuildPhase;
			buildActionMask = 2147483647;
			files = (
			);
			runOnlyForDeploymentPostprocessing = 0;
		};
/* End PBXResourcesBuildPhase section */

/* Begin PBXShellScriptBuildPhase section */
		4999A91C9762C6B9EC9BE591 /* [CP] Check Pods Manifest.lock */ = {
			isa = PBXShellScriptBuildPhase;
			buildActionMask = 2147483647;
			files = (
			);
			inputFileListPaths = (
			);
			inputPaths = (
				"${PODS_PODFILE_DIR_PATH}/Podfile.lock",
				"${PODS_ROOT}/Manifest.lock",
			);
			name = "[CP] Check Pods Manifest.lock";
			outputFileListPaths = (
			);
			outputPaths = (
				"$(DERIVED_FILE_DIR)/Pods-WikipediaSearchTests-checkManifestLockResult.txt",
			);
			runOnlyForDeploymentPostprocessing = 0;
			shellPath = /bin/sh;
			shellScript = "diff \"${PODS_PODFILE_DIR_PATH}/Podfile.lock\" \"${PODS_ROOT}/Manifest.lock\" > /dev/null\nif [ $? != 0 ] ; then\n    # print error to STDERR\n    echo \"error: The sandbox is not in sync with the Podfile.lock. Run 'pod install' or update your CocoaPods installation.\" >&2\n    exit 1\nfi\n# This output is used by Xcode 'outputs' to avoid re-running this script phase.\necho \"SUCCESS\" > \"${SCRIPT_OUTPUT_FILE_0}\"\n";
			showEnvVarsInLog = 0;
		};
		654BA289A828CCBE050D6E39 /* [CP] Check Pods Manifest.lock */ = {
			isa = PBXShellScriptBuildPhase;
			buildActionMask = 2147483647;
			files = (
			);
			inputFileListPaths = (
			);
			inputPaths = (
				"${PODS_PODFILE_DIR_PATH}/Podfile.lock",
				"${PODS_ROOT}/Manifest.lock",
			);
			name = "[CP] Check Pods Manifest.lock";
			outputFileListPaths = (
			);
			outputPaths = (
				"$(DERIVED_FILE_DIR)/Pods-WikipediaSearch-checkManifestLockResult.txt",
			);
			runOnlyForDeploymentPostprocessing = 0;
			shellPath = /bin/sh;
			shellScript = "diff \"${PODS_PODFILE_DIR_PATH}/Podfile.lock\" \"${PODS_ROOT}/Manifest.lock\" > /dev/null\nif [ $? != 0 ] ; then\n    # print error to STDERR\n    echo \"error: The sandbox is not in sync with the Podfile.lock. Run 'pod install' or update your CocoaPods installation.\" >&2\n    exit 1\nfi\n# This output is used by Xcode 'outputs' to avoid re-running this script phase.\necho \"SUCCESS\" > \"${SCRIPT_OUTPUT_FILE_0}\"\n";
			showEnvVarsInLog = 0;
		};
		99C5E5820FA1A95F0E2A93E5 /* [CP] Check Pods Manifest.lock */ = {
			isa = PBXShellScriptBuildPhase;
			buildActionMask = 2147483647;
			files = (
			);
			inputFileListPaths = (
			);
			inputPaths = (
				"${PODS_PODFILE_DIR_PATH}/Podfile.lock",
				"${PODS_ROOT}/Manifest.lock",
			);
			name = "[CP] Check Pods Manifest.lock";
			outputFileListPaths = (
			);
			outputPaths = (
				"$(DERIVED_FILE_DIR)/Pods-WikipediaSearchUITests-checkManifestLockResult.txt",
			);
			runOnlyForDeploymentPostprocessing = 0;
			shellPath = /bin/sh;
			shellScript = "diff \"${PODS_PODFILE_DIR_PATH}/Podfile.lock\" \"${PODS_ROOT}/Manifest.lock\" > /dev/null\nif [ $? != 0 ] ; then\n    # print error to STDERR\n    echo \"error: The sandbox is not in sync with the Podfile.lock. Run 'pod install' or update your CocoaPods installation.\" >&2\n    exit 1\nfi\n# This output is used by Xcode 'outputs' to avoid re-running this script phase.\necho \"SUCCESS\" > \"${SCRIPT_OUTPUT_FILE_0}\"\n";
			showEnvVarsInLog = 0;
		};
		9D4FF5B5CD3918EE89F0064D /* [CP] Embed Pods Frameworks */ = {
			isa = PBXShellScriptBuildPhase;
			buildActionMask = 2147483647;
			files = (
			);
			inputFileListPaths = (
				"${PODS_ROOT}/Target Support Files/Pods-WikipediaSearch/Pods-WikipediaSearch-frameworks-${CONFIGURATION}-input-files.xcfilelist",
			);
			name = "[CP] Embed Pods Frameworks";
			outputFileListPaths = (
				"${PODS_ROOT}/Target Support Files/Pods-WikipediaSearch/Pods-WikipediaSearch-frameworks-${CONFIGURATION}-output-files.xcfilelist",
			);
			runOnlyForDeploymentPostprocessing = 0;
			shellPath = /bin/sh;
			shellScript = "\"${PODS_ROOT}/Target Support Files/Pods-WikipediaSearch/Pods-WikipediaSearch-frameworks.sh\"\n";
			showEnvVarsInLog = 0;
		};
/* End PBXShellScriptBuildPhase section */

/* Begin PBXSourcesBuildPhase section */
		35BD9D272361A0D300C50682 /* Sources */ = {
			isa = PBXSourcesBuildPhase;
			buildActionMask = 2147483647;
			files = (
				35BD9D372361A0D300C50682 /* WikipediaSearch.xcdatamodeld in Sources */,
				35BD9D312361A0D300C50682 /* SearchViewController.swift in Sources */,
				359C11222361B2460095DC30 /* ResultCell.swift in Sources */,
				35BD9D632361A95100C50682 /* Result.swift in Sources */,
				35BD9D2F2361A0D300C50682 /* AppDelegate.swift in Sources */,
				359C11202361AB150095DC30 /* GetWikipediaData.swift in Sources */,
			);
			runOnlyForDeploymentPostprocessing = 0;
		};
		35BD9D3E2361A0D600C50682 /* Sources */ = {
			isa = PBXSourcesBuildPhase;
			buildActionMask = 2147483647;
			files = (
				35BD9D472361A0D600C50682 /* WikipediaSearchTests.swift in Sources */,
			);
			runOnlyForDeploymentPostprocessing = 0;
		};
		35BD9D492361A0D600C50682 /* Sources */ = {
			isa = PBXSourcesBuildPhase;
			buildActionMask = 2147483647;
			files = (
				35BD9D522361A0D600C50682 /* WikipediaSearchUITests.swift in Sources */,
			);
			runOnlyForDeploymentPostprocessing = 0;
		};
/* End PBXSourcesBuildPhase section */

/* Begin PBXTargetDependency section */
		35BD9D442361A0D600C50682 /* PBXTargetDependency */ = {
			isa = PBXTargetDependency;
			target = 35BD9D2A2361A0D300C50682 /* WikipediaSearch */;
			targetProxy = 35BD9D432361A0D600C50682 /* PBXContainerItemProxy */;
		};
		35BD9D4F2361A0D600C50682 /* PBXTargetDependency */ = {
			isa = PBXTargetDependency;
			target = 35BD9D2A2361A0D300C50682 /* WikipediaSearch */;
			targetProxy = 35BD9D4E2361A0D600C50682 /* PBXContainerItemProxy */;
		};
/* End PBXTargetDependency section */

/* Begin PBXVariantGroup section */
		35BD9D322361A0D300C50682 /* Main.storyboard */ = {
			isa = PBXVariantGroup;
			children = (
				35BD9D332361A0D300C50682 /* Base */,
			);
			name = Main.storyboard;
			sourceTree = "<group>";
		};
		35BD9D3A2361A0D600C50682 /* LaunchScreen.storyboard */ = {
			isa = PBXVariantGroup;
			children = (
				35BD9D3B2361A0D600C50682 /* Base */,
			);
			name = LaunchScreen.storyboard;
			sourceTree = "<group>";
		};
/* End PBXVariantGroup section */

/* Begin XCBuildConfiguration section */
		35BD9D542361A0D600C50682 /* Debug */ = {
			isa = XCBuildConfiguration;
			buildSettings = {
				ALWAYS_SEARCH_USER_PATHS = NO;
				CLANG_ANALYZER_NONNULL = YES;
				CLANG_ANALYZER_NUMBER_OBJECT_CONVERSION = YES_AGGRESSIVE;
				CLANG_CXX_LANGUAGE_STANDARD = "gnu++14";
				CLANG_CXX_LIBRARY = "libc++";
				CLANG_ENABLE_MODULES = YES;
				CLANG_ENABLE_OBJC_ARC = YES;
				CLANG_ENABLE_OBJC_WEAK = YES;
				CLANG_WARN_BLOCK_CAPTURE_AUTORELEASING = YES;
				CLANG_WARN_BOOL_CONVERSION = YES;
				CLANG_WARN_COMMA = YES;
				CLANG_WARN_CONSTANT_CONVERSION = YES;
				CLANG_WARN_DEPRECATED_OBJC_IMPLEMENTATIONS = YES;
				CLANG_WARN_DIRECT_OBJC_ISA_USAGE = YES_ERROR;
				CLANG_WARN_DOCUMENTATION_COMMENTS = YES;
				CLANG_WARN_EMPTY_BODY = YES;
				CLANG_WARN_ENUM_CONVERSION = YES;
				CLANG_WARN_INFINITE_RECURSION = YES;
				CLANG_WARN_INT_CONVERSION = YES;
				CLANG_WARN_NON_LITERAL_NULL_CONVERSION = YES;
				CLANG_WARN_OBJC_IMPLICIT_RETAIN_SELF = YES;
				CLANG_WARN_OBJC_LITERAL_CONVERSION = YES;
				CLANG_WARN_OBJC_ROOT_CLASS = YES_ERROR;
				CLANG_WARN_RANGE_LOOP_ANALYSIS = YES;
				CLANG_WARN_STRICT_PROTOTYPES = YES;
				CLANG_WARN_SUSPICIOUS_MOVE = YES;
				CLANG_WARN_UNGUARDED_AVAILABILITY = YES_AGGRESSIVE;
				CLANG_WARN_UNREACHABLE_CODE = YES;
				CLANG_WARN__DUPLICATE_METHOD_MATCH = YES;
				CODE_SIGN_IDENTITY = "iPhone Developer";
				COPY_PHASE_STRIP = NO;
				DEBUG_INFORMATION_FORMAT = dwarf;
				ENABLE_STRICT_OBJC_MSGSEND = YES;
				ENABLE_TESTABILITY = YES;
				GCC_C_LANGUAGE_STANDARD = gnu11;
				GCC_DYNAMIC_NO_PIC = NO;
				GCC_NO_COMMON_BLOCKS = YES;
				GCC_OPTIMIZATION_LEVEL = 0;
				GCC_PREPROCESSOR_DEFINITIONS = (
					"DEBUG=1",
					"$(inherited)",
				);
				GCC_WARN_64_TO_32_BIT_CONVERSION = YES;
				GCC_WARN_ABOUT_RETURN_TYPE = YES_ERROR;
				GCC_WARN_UNDECLARED_SELECTOR = YES;
				GCC_WARN_UNINITIALIZED_AUTOS = YES_AGGRESSIVE;
				GCC_WARN_UNUSED_FUNCTION = YES;
				GCC_WARN_UNUSED_VARIABLE = YES;
				IPHONEOS_DEPLOYMENT_TARGET = 12.4;
				MTL_ENABLE_DEBUG_INFO = INCLUDE_SOURCE;
				MTL_FAST_MATH = YES;
				ONLY_ACTIVE_ARCH = YES;
				SDKROOT = iphoneos;
				SWIFT_ACTIVE_COMPILATION_CONDITIONS = DEBUG;
				SWIFT_OPTIMIZATION_LEVEL = "-Onone";
			};
			name = Debug;
		};
		35BD9D552361A0D600C50682 /* Release */ = {
			isa = XCBuildConfiguration;
			buildSettings = {
				ALWAYS_SEARCH_USER_PATHS = NO;
				CLANG_ANALYZER_NONNULL = YES;
				CLANG_ANALYZER_NUMBER_OBJECT_CONVERSION = YES_AGGRESSIVE;
				CLANG_CXX_LANGUAGE_STANDARD = "gnu++14";
				CLANG_CXX_LIBRARY = "libc++";
				CLANG_ENABLE_MODULES = YES;
				CLANG_ENABLE_OBJC_ARC = YES;
				CLANG_ENABLE_OBJC_WEAK = YES;
				CLANG_WARN_BLOCK_CAPTURE_AUTORELEASING = YES;
				CLANG_WARN_BOOL_CONVERSION = YES;
				CLANG_WARN_COMMA = YES;
				CLANG_WARN_CONSTANT_CONVERSION = YES;
				CLANG_WARN_DEPRECATED_OBJC_IMPLEMENTATIONS = YES;
				CLANG_WARN_DIRECT_OBJC_ISA_USAGE = YES_ERROR;
				CLANG_WARN_DOCUMENTATION_COMMENTS = YES;
				CLANG_WARN_EMPTY_BODY = YES;
				CLANG_WARN_ENUM_CONVERSION = YES;
				CLANG_WARN_INFINITE_RECURSION = YES;
				CLANG_WARN_INT_CONVERSION = YES;
				CLANG_WARN_NON_LITERAL_NULL_CONVERSION = YES;
				CLANG_WARN_OBJC_IMPLICIT_RETAIN_SELF = YES;
				CLANG_WARN_OBJC_LITERAL_CONVERSION = YES;
				CLANG_WARN_OBJC_ROOT_CLASS = YES_ERROR;
				CLANG_WARN_RANGE_LOOP_ANALYSIS = YES;
				CLANG_WARN_STRICT_PROTOTYPES = YES;
				CLANG_WARN_SUSPICIOUS_MOVE = YES;
				CLANG_WARN_UNGUARDED_AVAILABILITY = YES_AGGRESSIVE;
				CLANG_WARN_UNREACHABLE_CODE = YES;
				CLANG_WARN__DUPLICATE_METHOD_MATCH = YES;
				CODE_SIGN_IDENTITY = "iPhone Developer";
				COPY_PHASE_STRIP = NO;
				DEBUG_INFORMATION_FORMAT = "dwarf-with-dsym";
				ENABLE_NS_ASSERTIONS = NO;
				ENABLE_STRICT_OBJC_MSGSEND = YES;
				GCC_C_LANGUAGE_STANDARD = gnu11;
				GCC_NO_COMMON_BLOCKS = YES;
				GCC_WARN_64_TO_32_BIT_CONVERSION = YES;
				GCC_WARN_ABOUT_RETURN_TYPE = YES_ERROR;
				GCC_WARN_UNDECLARED_SELECTOR = YES;
				GCC_WARN_UNINITIALIZED_AUTOS = YES_AGGRESSIVE;
				GCC_WARN_UNUSED_FUNCTION = YES;
				GCC_WARN_UNUSED_VARIABLE = YES;
				IPHONEOS_DEPLOYMENT_TARGET = 12.4;
				MTL_ENABLE_DEBUG_INFO = NO;
				MTL_FAST_MATH = YES;
				SDKROOT = iphoneos;
				SWIFT_COMPILATION_MODE = wholemodule;
				SWIFT_OPTIMIZATION_LEVEL = "-O";
				VALIDATE_PRODUCT = YES;
			};
			name = Release;
		};
		35BD9D572361A0D600C50682 /* Debug */ = {
			isa = XCBuildConfiguration;
			baseConfigurationReference = 987A56F14AEFD165CBBC59D6 /* Pods-WikipediaSearch.debug.xcconfig */;
			buildSettings = {
				ASSETCATALOG_COMPILER_APPICON_NAME = AppIcon;
				CODE_SIGN_STYLE = Automatic;
				DEVELOPMENT_TEAM = 34B6F29UT3;
				INFOPLIST_FILE = WikipediaSearch/Info.plist;
				LD_RUNPATH_SEARCH_PATHS = (
					"$(inherited)",
					"@executable_path/Frameworks",
				);
				PRODUCT_BUNDLE_IDENTIFIER = "Josh-Sorokin.WikipediaSearch";
				PRODUCT_NAME = "$(TARGET_NAME)";
				SWIFT_VERSION = 5.0;
				TARGETED_DEVICE_FAMILY = "1,2";
			};
			name = Debug;
		};
		35BD9D582361A0D600C50682 /* Release */ = {
			isa = XCBuildConfiguration;
			baseConfigurationReference = 96C841DBE00B50B2B0E9B74C /* Pods-WikipediaSearch.release.xcconfig */;
			buildSettings = {
				ASSETCATALOG_COMPILER_APPICON_NAME = AppIcon;
				CODE_SIGN_STYLE = Automatic;
				DEVELOPMENT_TEAM = 34B6F29UT3;
				INFOPLIST_FILE = WikipediaSearch/Info.plist;
				LD_RUNPATH_SEARCH_PATHS = (
					"$(inherited)",
					"@executable_path/Frameworks",
				);
				PRODUCT_BUNDLE_IDENTIFIER = "Josh-Sorokin.WikipediaSearch";
				PRODUCT_NAME = "$(TARGET_NAME)";
				SWIFT_VERSION = 5.0;
				TARGETED_DEVICE_FAMILY = "1,2";
			};
			name = Release;
		};
		35BD9D5A2361A0D600C50682 /* Debug */ = {
			isa = XCBuildConfiguration;
			baseConfigurationReference = 04899E0EDF9F8ED6BCE60317 /* Pods-WikipediaSearchTests.debug.xcconfig */;
			buildSettings = {
				ALWAYS_EMBED_SWIFT_STANDARD_LIBRARIES = YES;
				BUNDLE_LOADER = "$(TEST_HOST)";
				CODE_SIGN_STYLE = Automatic;
				DEVELOPMENT_TEAM = 34B6F29UT3;
				INFOPLIST_FILE = WikipediaSearchTests/Info.plist;
				LD_RUNPATH_SEARCH_PATHS = (
					"$(inherited)",
					"@executable_path/Frameworks",
					"@loader_path/Frameworks",
				);
				PRODUCT_BUNDLE_IDENTIFIER = "Josh-Sorokin.WikipediaSearchTests";
				PRODUCT_NAME = "$(TARGET_NAME)";
				SWIFT_VERSION = 5.0;
				TARGETED_DEVICE_FAMILY = "1,2";
				TEST_HOST = "$(BUILT_PRODUCTS_DIR)/WikipediaSearch.app/WikipediaSearch";
			};
			name = Debug;
		};
		35BD9D5B2361A0D600C50682 /* Release */ = {
			isa = XCBuildConfiguration;
			baseConfigurationReference = 9D9D1E30D58402B6686242F1 /* Pods-WikipediaSearchTests.release.xcconfig */;
			buildSettings = {
				ALWAYS_EMBED_SWIFT_STANDARD_LIBRARIES = YES;
				BUNDLE_LOADER = "$(TEST_HOST)";
				CODE_SIGN_STYLE = Automatic;
				DEVELOPMENT_TEAM = 34B6F29UT3;
				INFOPLIST_FILE = WikipediaSearchTests/Info.plist;
				LD_RUNPATH_SEARCH_PATHS = (
					"$(inherited)",
					"@executable_path/Frameworks",
					"@loader_path/Frameworks",
				);
				PRODUCT_BUNDLE_IDENTIFIER = "Josh-Sorokin.WikipediaSearchTests";
				PRODUCT_NAME = "$(TARGET_NAME)";
				SWIFT_VERSION = 5.0;
				TARGETED_DEVICE_FAMILY = "1,2";
				TEST_HOST = "$(BUILT_PRODUCTS_DIR)/WikipediaSearch.app/WikipediaSearch";
			};
			name = Release;
		};
		35BD9D5D2361A0D600C50682 /* Debug */ = {
			isa = XCBuildConfiguration;
			baseConfigurationReference = 9262A98E7B0D2F4C2492E532 /* Pods-WikipediaSearchUITests.debug.xcconfig */;
			buildSettings = {
				ALWAYS_EMBED_SWIFT_STANDARD_LIBRARIES = YES;
				CODE_SIGN_STYLE = Automatic;
				DEVELOPMENT_TEAM = 34B6F29UT3;
				INFOPLIST_FILE = WikipediaSearchUITests/Info.plist;
				LD_RUNPATH_SEARCH_PATHS = (
					"$(inherited)",
					"@executable_path/Frameworks",
					"@loader_path/Frameworks",
				);
				PRODUCT_BUNDLE_IDENTIFIER = "Josh-Sorokin.WikipediaSearchUITests";
				PRODUCT_NAME = "$(TARGET_NAME)";
				SWIFT_VERSION = 5.0;
				TARGETED_DEVICE_FAMILY = "1,2";
				TEST_TARGET_NAME = WikipediaSearch;
			};
			name = Debug;
		};
		35BD9D5E2361A0D600C50682 /* Release */ = {
			isa = XCBuildConfiguration;
			baseConfigurationReference = CE8267358F438AB0284BCE48 /* Pods-WikipediaSearchUITests.release.xcconfig */;
			buildSettings = {
				ALWAYS_EMBED_SWIFT_STANDARD_LIBRARIES = YES;
				CODE_SIGN_STYLE = Automatic;
				DEVELOPMENT_TEAM = 34B6F29UT3;
				INFOPLIST_FILE = WikipediaSearchUITests/Info.plist;
				LD_RUNPATH_SEARCH_PATHS = (
					"$(inherited)",
					"@executable_path/Frameworks",
					"@loader_path/Frameworks",
				);
				PRODUCT_BUNDLE_IDENTIFIER = "Josh-Sorokin.WikipediaSearchUITests";
				PRODUCT_NAME = "$(TARGET_NAME)";
				SWIFT_VERSION = 5.0;
				TARGETED_DEVICE_FAMILY = "1,2";
				TEST_TARGET_NAME = WikipediaSearch;
			};
			name = Release;
		};
/* End XCBuildConfiguration section */

/* Begin XCConfigurationList section */
		35BD9D262361A0D300C50682 /* Build configuration list for PBXProject "WikipediaSearch" */ = {
			isa = XCConfigurationList;
			buildConfigurations = (
				35BD9D542361A0D600C50682 /* Debug */,
				35BD9D552361A0D600C50682 /* Release */,
			);
			defaultConfigurationIsVisible = 0;
			defaultConfigurationName = Release;
		};
		35BD9D562361A0D600C50682 /* Build configuration list for PBXNativeTarget "WikipediaSearch" */ = {
			isa = XCConfigurationList;
			buildConfigurations = (
				35BD9D572361A0D600C50682 /* Debug */,
				35BD9D582361A0D600C50682 /* Release */,
			);
			defaultConfigurationIsVisible = 0;
			defaultConfigurationName = Release;
		};
		35BD9D592361A0D600C50682 /* Build configuration list for PBXNativeTarget "WikipediaSearchTests" */ = {
			isa = XCConfigurationList;
			buildConfigurations = (
				35BD9D5A2361A0D600C50682 /* Debug */,
				35BD9D5B2361A0D600C50682 /* Release */,
			);
			defaultConfigurationIsVisible = 0;
			defaultConfigurationName = Release;
		};
		35BD9D5C2361A0D600C50682 /* Build configuration list for PBXNativeTarget "WikipediaSearchUITests" */ = {
			isa = XCConfigurationList;
			buildConfigurations = (
				35BD9D5D2361A0D600C50682 /* Debug */,
				35BD9D5E2361A0D600C50682 /* Release */,
			);
			defaultConfigurationIsVisible = 0;
			defaultConfigurationName = Release;
		};
/* End XCConfigurationList section */

/* Begin XCVersionGroup section */
		35BD9D352361A0D300C50682 /* WikipediaSearch.xcdatamodeld */ = {
			isa = XCVersionGroup;
			children = (
				35BD9D362361A0D300C50682 /* WikipediaSearch.xcdatamodel */,
			);
			currentVersion = 35BD9D362361A0D300C50682 /* WikipediaSearch.xcdatamodel */;
			path = WikipediaSearch.xcdatamodeld;
			sourceTree = "<group>";
			versionGroupType = wrapper.xcdatamodel;
		};
/* End XCVersionGroup section */
	};
	rootObject = 35BD9D232361A0D300C50682 /* Project object */;
}
